
Microsoft Visual Studio Solution File, Format Version 12.00
# Visual Studio Version 17
VisualStudioVersion = 17.7.34018.315
MinimumVisualStudioVersion = 10.0.40219.1
Project("{9A19103F-16F7-4668-BE54-9A1E7A4F7556}") = "övning 2.1", "WinFormsApp1\övning 2.1.csproj", "{1608BBDB-880F-4754-889E-703C1D74685C}"
EndProject
Project("{FAE04EC0-301F-11D3-BF4B-00C04F79EFBC}") = "övning2.2", "övning2.2\övning2.2.csproj", "{0A91FF7D-4DD8-4C36-B558-2040DCDD19A6}"
EndProject
Project("{FAE04EC0-301F-11D3-BF4B-00C04F79EFBC}") = "uppgift2.1", "uppgift2.1\uppgift2.1.csproj", "{EABAAFD5-1FCA-4FBA-A8CA-5206E93D811E}"
EndProject
Project("{FAE04EC0-301F-11D3-BF4B-00C04F79EFBC}") = "uppgift 2.2", "uppgift 2.2\uppgift 2.2.csproj", "{FF6029E3-2D79-4DFB-B3E4-6DE8275A5FA4}"
EndProject
Project("{FAE04EC0-301F-11D3-BF4B-00C04F79EFBC}") = "övning3.1", "övning3.1\övning3.1.csproj", "{7B7F4861-B09B-4438-9695-8C4FE6D7E73B}"
EndProject
Project("{FAE04EC0-301F-11D3-BF4B-00C04F79EFBC}") = "övning3.2", "övning3.2\övning3.2.csproj", "{491533BE-8939-4514-9A80-D35729E85C5C}"
EndProject
Project("{FAE04EC0-301F-11D3-BF4B-00C04F79EFBC}") = "övning 3.3", "övning 3.3\övning 3.3.csproj", "{C3012032-0DAB-41E6-B816-C6EA400B7EAF}"
EndProject
Project("{FAE04EC0-301F-11D3-BF4B-00C04F79EFBC}") = "övning3.4", "övning3.4\övning3.4.csproj", "{ACE078D2-3495-47E5-9C7C-DCC6094D1A25}"
EndProject
Project("{FAE04EC0-301F-11D3-BF4B-00C04F79EFBC}") = "övning3.5", "övning3.5\övning3.5.csproj", "{1B34786E-35A7-4B69-A9A3-FAC08AFC5DB2}"
EndProject
Project("{FAE04EC0-301F-11D3-BF4B-00C04F79EFBC}") = "övning3.6'", "övning3.6'\övning3.6'.csproj", "{44290D21-DC31-4245-97F6-51542FF1EE34}"
EndProject
Project("{FAE04EC0-301F-11D3-BF4B-00C04F79EFBC}") = "övning3.7", "övning3.7\övning3.7.csproj", "{725896C5-AF0A-40D3-9371-0B13358C838D}"
EndProject
Project("{FAE04EC0-301F-11D3-BF4B-00C04F79EFBC}") = "övning3.8", "övning3.8\övning3.8.csproj", "{B4FCA10E-49B7-4AB6-8B18-AF0759C412DC}"
EndProject
Project("{FAE04EC0-301F-11D3-BF4B-00C04F79EFBC}") = "övning3.9", "övning3.9\övning3.9.csproj", "{D96FAB07-B74C-41D6-B52E-124400ADFE53}"
EndProject
Project("{FAE04EC0-301F-11D3-BF4B-00C04F79EFBC}") = "uppgift3.1", "uppgift3.1\uppgift3.1.csproj", "{8A4F46F7-1FFD-4789-A425-625F16A1117B}"
EndProject
Project("{FAE04EC0-301F-11D3-BF4B-00C04F79EFBC}") = "Uppgift3.2", "Uppgift3.2\Uppgift3.2.csproj", "{BFF308EE-3565-42CA-BCBB-963CB220D007}"
EndProject
Project("{FAE04EC0-301F-11D3-BF4B-00C04F79EFBC}") = "Uppgift3.3", "Uppgift3.3\Uppgift3.3.csproj", "{E7A61879-8B2B-4075-9868-3D7DBEAEB23D}"
EndProject
Project("{FAE04EC0-301F-11D3-BF4B-00C04F79EFBC}") = "Uppgift3.4", "Uppgift3.4\Uppgift3.4.csproj", "{D09992C5-BF8B-43C4-B664-EB8AB540F0C1}"
EndProject
Project("{FAE04EC0-301F-11D3-BF4B-00C04F79EFBC}") = "Uppgift3.4B", "Uppgift3.4B\Uppgift3.4B.csproj", "{49A995D4-BB83-4493-BA8C-709637BFCF40}"
EndProject
Project("{FAE04EC0-301F-11D3-BF4B-00C04F79EFBC}") = "övning 5.1", "övning 5.1\övning 5.1.csproj", "{C9983967-5652-4BA0-BC90-4983A4127197}"
EndProject
Project("{FAE04EC0-301F-11D3-BF4B-00C04F79EFBC}") = "Övning5.2", "Övning5.2\Övning5.2.csproj", "{6CCDD9BA-2186-4DB7-B778-6BBBA164F7B3}"
EndProject
Project("{FAE04EC0-301F-11D3-BF4B-00C04F79EFBC}") = "Övning5.3", "Övning5.3\Övning5.3.csproj", "{88C16D9A-E7F4-4643-8763-0AE245157E24}"
EndProject
Project("{FAE04EC0-301F-11D3-BF4B-00C04F79EFBC}") = "Övning 5.4", "Övning 5.4\Övning 5.4.csproj", "{400C4FC5-94BF-46C0-B3EB-0EE1C347836B}"
EndProject
Project("{FAE04EC0-301F-11D3-BF4B-00C04F79EFBC}") = "Upgift5.1", "Upgift5.1\Upgift5.1.csproj", "{F5BE2D07-B3FC-4DE5-AB6F-1888913EEA6F}"
EndProject
Project("{FAE04EC0-301F-11D3-BF4B-00C04F79EFBC}") = "Uppgift 5.2", "Uppgift 5.2\Uppgift 5.2.csproj", "{8892111F-20D9-4ACA-9CC9-E8FEC094625B}"
EndProject
Project("{FAE04EC0-301F-11D3-BF4B-00C04F79EFBC}") = "Uppgift 5.3", "Uppgift 5.3\Uppgift 5.3.csproj", "{2F3B8874-DB6B-4EEC-A65E-8BDE7DB8DF6B}"
EndProject
Project("{FAE04EC0-301F-11D3-BF4B-00C04F79EFBC}") = "uppgift 5.4", "uppgift 5.4\uppgift 5.4.csproj", "{F3145D0A-BA15-4EBB-88A6-767053B0C6F9}"
EndProject
Project("{FAE04EC0-301F-11D3-BF4B-00C04F79EFBC}") = "övning6.1", "övning6.1\övning6.1.csproj", "{B0BC15E9-08C4-4BB6-ABD1-9F6439146AB7}"
EndProject
Project("{FAE04EC0-301F-11D3-BF4B-00C04F79EFBC}") = "övning6.2", "övning6.2\övning6.2.csproj", "{88FCDA4C-75FD-4213-BE82-D737A76F4D5B}"
EndProject
Project("{FAE04EC0-301F-11D3-BF4B-00C04F79EFBC}") = "Övning7.1", "Övning7.1\Övning7.1.csproj", "{F73B6BE8-4536-4FA1-93D9-E058AA5541F7}"
EndProject
Project("{FAE04EC0-301F-11D3-BF4B-00C04F79EFBC}") = "Övning7.2", "Övning7.2\Övning7.2.csproj", "{BD13A7C0-C370-49FC-8E4B-3093654CC604}"
EndProject
Project("{FAE04EC0-301F-11D3-BF4B-00C04F79EFBC}") = "övning7.3", "övning7.3\övning7.3.csproj", "{6AE664F5-B3EB-4983-A9F3-67A12902A3AC}"
EndProject
Project("{FAE04EC0-301F-11D3-BF4B-00C04F79EFBC}") = "övning7.4", "övning7.4\övning7.4.csproj", "{788276CA-F6CE-4D1A-A8DD-3CF1F5634986}"
EndProject
Project("{FAE04EC0-301F-11D3-BF4B-00C04F79EFBC}") = "övning7.5", "övning7.5\övning7.5.csproj", "{3712E13E-5E9E-4A91-8956-09AB6F8C7CDE}"
EndProject
Project("{FAE04EC0-301F-11D3-BF4B-00C04F79EFBC}") = "övning7.6", "övning7.6\övning7.6.csproj", "{A33E266B-C13C-4ADB-9223-94007DB55052}"
EndProject
Project("{FAE04EC0-301F-11D3-BF4B-00C04F79EFBC}") = "övning7.7", "övning7.7\övning7.7.csproj", "{9BA2A7C1-ADBB-40A1-918B-414B45995834}"
EndProject
Project("{FAE04EC0-301F-11D3-BF4B-00C04F79EFBC}") = "Uppgift7.1", "Uppgift7.1\Uppgift7.1.csproj", "{47D99B1B-45FC-4EB3-8527-659B0F4E60D7}"
EndProject
Project("{FAE04EC0-301F-11D3-BF4B-00C04F79EFBC}") = "uppgift 7.2", "uppgift 7.2\uppgift 7.2.csproj", "{87F0131E-904F-4528-BB5B-84E03640F204}"
EndProject
Project("{2150E333-8FDC-42A3-9474-1A3956D46DE8}") = "kapitel 5", "kapitel 5", "{ADBEFC5E-09D4-4849-B55D-C8E1F5729DB8}"
EndProject
Project("{2150E333-8FDC-42A3-9474-1A3956D46DE8}") = "kapitel 3", "kapitel 3", "{EC1FA753-D6BC-443B-B4D3-01F2DE18F645}"
EndProject
Project("{2150E333-8FDC-42A3-9474-1A3956D46DE8}") = "kapitel 2", "kapitel 2", "{CD48A823-CFE7-43F0-A8BE-0DF8A930E276}"
EndProject
Project("{2150E333-8FDC-42A3-9474-1A3956D46DE8}") = "kapitel 6", "kapitel 6", "{E6DE617B-EE6B-4774-8E8F-88BB87ECA7F9}"
EndProject
Project("{2150E333-8FDC-42A3-9474-1A3956D46DE8}") = "kapitel 7", "kapitel 7", "{A7EDDFFF-B3BA-4B18-823D-AD24A5C34A6A}"
EndProject
Project("{FAE04EC0-301F-11D3-BF4B-00C04F79EFBC}") = "uppgift 7.3", "uppgift 7.3\uppgift 7.3.csproj", "{F9C45ECD-67A3-4E03-95BE-106ADF2DFA74}"
EndProject
Project("{FAE04EC0-301F-11D3-BF4B-00C04F79EFBC}") = "uppgift7.4", "uppgift7.4\uppgift7.4.csproj", "{025E4B22-DE3E-4436-A6EC-C8E577CDA1AC}"
EndProject
Project("{FAE04EC0-301F-11D3-BF4B-00C04F79EFBC}") = "uppgift 7.6", "uppgift 7.6\uppgift 7.6.csproj", "{EC94934A-4F52-4830-83F6-652474AFABD5}"
EndProject
Project("{FAE04EC0-301F-11D3-BF4B-00C04F79EFBC}") = "uppgift 7,5", "uppgift 7,5\uppgift 7,5.csproj", "{FA8D9C3B-B8AD-4B11-BFD1-C8B38F2D266C}"
EndProject
Project("{2150E333-8FDC-42A3-9474-1A3956D46DE8}") = "kapitel 8", "kapitel 8", "{7B76B8AA-4B4D-4EA6-9AE1-CD663F3E111A}"
EndProject
Project("{FAE04EC0-301F-11D3-BF4B-00C04F79EFBC}") = "övning 8.1", "övning 8.1\övning 8.1.csproj", "{3909A30B-4FB9-429F-9A9C-48E535250429}"
EndProject
Project("{FAE04EC0-301F-11D3-BF4B-00C04F79EFBC}") = "övning 8.2", "övning 8.2\övning 8.2.csproj", "{6758BD9A-D3A9-45B5-8C64-FA424B096985}"
EndProject
Project("{2150E333-8FDC-42A3-9474-1A3956D46DE8}") = "kapitel 10", "kapitel 10", "{73D679D3-2D64-4B44-A1A6-1A4D60F9AD31}"
EndProject
Project("{FAE04EC0-301F-11D3-BF4B-00C04F79EFBC}") = "övning 10.1", "övning 10.1\övning 10.1.csproj", "{9E770501-BF36-47FA-8DEA-89D6EDB75994}"
EndProject
Project("{2150E333-8FDC-42A3-9474-1A3956D46DE8}") = "kapitel 9", "kapitel 9", "{0A223FD6-8960-46EB-84FC-E35C72F1F343}"
EndProject
Project("{FAE04EC0-301F-11D3-BF4B-00C04F79EFBC}") = "övning 9.1", "övning 9.1\övning 9.1.csproj", "{850997B6-3332-4F2D-89AB-661B510D14F0}"
EndProject
Project("{FAE04EC0-301F-11D3-BF4B-00C04F79EFBC}") = "övning 9.2", "övning 9.2\övning 9.2.csproj", "{D633B8D8-DF57-48EC-AF3E-05524AC9DAF5}"
EndProject
Project("{FAE04EC0-301F-11D3-BF4B-00C04F79EFBC}") = "övning 9.4", "övning 9.3\övning 9.4.csproj", "{E266C527-C5AD-4A91-AED2-F4398342CBB0}"
EndProject
Project("{FAE04EC0-301F-11D3-BF4B-00C04F79EFBC}") = "övning 9.5", "övning 9.5\övning 9.5.csproj", "{64BB5AF1-8817-483E-A794-46AC843D6E3B}"
EndProject
Project("{FAE04EC0-301F-11D3-BF4B-00C04F79EFBC}") = "övning 9.7", "övning 9.7\övning 9.7.csproj", "{96E7F1AA-F6B9-43D6-802C-E106C95B5483}"
EndProject
Project("{FAE04EC0-301F-11D3-BF4B-00C04F79EFBC}") = "övning 9.9", "övning 9.9\övning 9.9.csproj", "{614963A2-8137-42F4-8149-05AA55952323}"
EndProject
Project("{FAE04EC0-301F-11D3-BF4B-00C04F79EFBC}") = "övning 9.10", "övning 9.10\övning 9.10.csproj", "{F25F088D-A56E-4325-9BF1-5CD3A68AEDB8}"
EndProject
Project("{FAE04EC0-301F-11D3-BF4B-00C04F79EFBC}") = "övning 10.2", "övning 10.2\övning 10.2.csproj", "{73192B2E-8763-4404-855A-E0783FB70432}"
EndProject
Project("{FAE04EC0-301F-11D3-BF4B-00C04F79EFBC}") = "övning 10.5", "övning 10.5\övning 10.5.csproj", "{68756E7D-05E3-49AD-8A7F-256E90CCA9C5}"
EndProject
Project("{FAE04EC0-301F-11D3-BF4B-00C04F79EFBC}") = "övning 10.6", "övning 10.6\övning 10.6.csproj", "{B197EA6D-FB39-491E-BE28-8E1D34E73162}"
EndProject
Project("{FAE04EC0-301F-11D3-BF4B-00C04F79EFBC}") = "övning 10.7", "övning 10.7\övning 10.7.csproj", "{01930837-6946-4B30-931E-C0ACF52C78A9}"
EndProject
Project("{FAE04EC0-301F-11D3-BF4B-00C04F79EFBC}") = "uppgift 10.1", "uppgift 10.1\uppgift 10.1.csproj", "{E02AFECF-92D7-40A9-98F9-F5370C5EC875}"
EndProject
Project("{FAE04EC0-301F-11D3-BF4B-00C04F79EFBC}") = "uppgift 10.2", "uppgift 10.2\uppgift 10.2.csproj", "{ED90CBD8-BF41-41AD-AF9B-5F7B27B0D83E}"
EndProject
Project("{FAE04EC0-301F-11D3-BF4B-00C04F79EFBC}") = "uppgift 10.3", "uppgift 10.3\uppgift 10.3.csproj", "{D36248DD-5B19-4CCA-B33D-A82840DC93BA}"
EndProject
Project("{FAE04EC0-301F-11D3-BF4B-00C04F79EFBC}") = "uppgift 10.5", "uppgift 10.4\uppgift 10.5.csproj", "{6CEF7939-C547-4292-A65A-DB809620B392}"
EndProject
Project("{FAE04EC0-301F-11D3-BF4B-00C04F79EFBC}") = "uppgift 10.6", "uppgift 10.6\uppgift 10.6.csproj", "{254585F8-BA38-484B-B6D6-962A79ACB873}"
EndProject
Project("{FAE04EC0-301F-11D3-BF4B-00C04F79EFBC}") = "uppgift 10,7", "uppgift 10,7\uppgift 10,7.csproj", "{C7718BB1-B8D8-4825-9D84-904DFC1DB8B2}"
EndProject
Project("{FAE04EC0-301F-11D3-BF4B-00C04F79EFBC}") = "uppgift 10.8", "uppgift 10.8\uppgift 10.8.csproj", "{CA48C7E5-2DB0-4B4A-8034-B17BEE784A2C}"
EndProject
Project("{FAE04EC0-301F-11D3-BF4B-00C04F79EFBC}") = "uppgift 9.1", "uppgift 9.1\uppgift 9.1.csproj", "{C627F338-76B9-4818-B274-D4FD6CE9BBD8}"
EndProject
Project("{2150E333-8FDC-42A3-9474-1A3956D46DE8}") = "kapitel 11", "kapitel 11", "{97815979-10FA-47F1-BFA2-FFAEEA257485}"
EndProject
Project("{FAE04EC0-301F-11D3-BF4B-00C04F79EFBC}") = "uppgift 10.9", "uppgift 10.9\uppgift 10.9.csproj", "{91785B0F-0D12-474D-966C-D711DBBF6891}"
EndProject
Project("{FAE04EC0-301F-11D3-BF4B-00C04F79EFBC}") = "courseapp", "courseapp\courseapp.csproj", "{ADC574EB-003A-4E24-9A0D-BCFA2293A45E}"
EndProject
Project("{2150E333-8FDC-42A3-9474-1A3956D46DE8}") = "programering 1", "programering 1", "{BC9CC023-FEA0-4730-B184-9E986E970A23}"
EndProject
Project("{2150E333-8FDC-42A3-9474-1A3956D46DE8}") = "programering 2", "programering 2", "{70B78A64-E64B-4A8F-9516-949A32789D75}"
EndProject
Project("{FAE04EC0-301F-11D3-BF4B-00C04F79EFBC}") = "övning 2.2", "övning 2.2\övning 2.2.csproj", "{9166E9AF-5ABF-4240-B69A-98006F25B563}"
EndProject
Project("{FAE04EC0-301F-11D3-BF4B-00C04F79EFBC}") = "övning 2,1", "..\programering\övning 2,1\övning 2,1\övning 2,1.csproj", "{AB13313C-D277-4246-9179-BFDE2B065EE0}"
EndProject
Project("{FAE04EC0-301F-11D3-BF4B-00C04F79EFBC}") = "övning 2.3", "övning 2.3\övning 2.3.csproj", "{3A45E6BA-9B49-4ED8-9F0D-F1E7BC016FE8}"
EndProject
Project("{FAE04EC0-301F-11D3-BF4B-00C04F79EFBC}") = "övning 2.4", "övning 2.4\övning 2.4.csproj", "{FEEA8C24-499F-48FA-A347-CDA57A1A3A3C}"
EndProject
Project("{FAE04EC0-301F-11D3-BF4B-00C04F79EFBC}") = "övning 2.5", "övning 2.5\övning 2.5.csproj", "{373638BA-B744-44B5-8E35-6BC39DBC203F}"
EndProject
Global
	GlobalSection(SolutionConfigurationPlatforms) = preSolution
		Debug|Any CPU = Debug|Any CPU
		Release|Any CPU = Release|Any CPU
	EndGlobalSection
	GlobalSection(ProjectConfigurationPlatforms) = postSolution
		{1608BBDB-880F-4754-889E-703C1D74685C}.Debug|Any CPU.ActiveCfg = Debug|Any CPU
		{1608BBDB-880F-4754-889E-703C1D74685C}.Debug|Any CPU.Build.0 = Debug|Any CPU
		{1608BBDB-880F-4754-889E-703C1D74685C}.Release|Any CPU.ActiveCfg = Release|Any CPU
		{1608BBDB-880F-4754-889E-703C1D74685C}.Release|Any CPU.Build.0 = Release|Any CPU
		{0A91FF7D-4DD8-4C36-B558-2040DCDD19A6}.Debug|Any CPU.ActiveCfg = Debug|Any CPU
		{0A91FF7D-4DD8-4C36-B558-2040DCDD19A6}.Debug|Any CPU.Build.0 = Debug|Any CPU
		{0A91FF7D-4DD8-4C36-B558-2040DCDD19A6}.Release|Any CPU.ActiveCfg = Release|Any CPU
		{0A91FF7D-4DD8-4C36-B558-2040DCDD19A6}.Release|Any CPU.Build.0 = Release|Any CPU
		{EABAAFD5-1FCA-4FBA-A8CA-5206E93D811E}.Debug|Any CPU.ActiveCfg = Debug|Any CPU
		{EABAAFD5-1FCA-4FBA-A8CA-5206E93D811E}.Debug|Any CPU.Build.0 = Debug|Any CPU
		{EABAAFD5-1FCA-4FBA-A8CA-5206E93D811E}.Release|Any CPU.ActiveCfg = Release|Any CPU
		{EABAAFD5-1FCA-4FBA-A8CA-5206E93D811E}.Release|Any CPU.Build.0 = Release|Any CPU
		{FF6029E3-2D79-4DFB-B3E4-6DE8275A5FA4}.Debug|Any CPU.ActiveCfg = Debug|Any CPU
		{FF6029E3-2D79-4DFB-B3E4-6DE8275A5FA4}.Debug|Any CPU.Build.0 = Debug|Any CPU
		{FF6029E3-2D79-4DFB-B3E4-6DE8275A5FA4}.Release|Any CPU.ActiveCfg = Release|Any CPU
		{FF6029E3-2D79-4DFB-B3E4-6DE8275A5FA4}.Release|Any CPU.Build.0 = Release|Any CPU
		{7B7F4861-B09B-4438-9695-8C4FE6D7E73B}.Debug|Any CPU.ActiveCfg = Debug|Any CPU
		{7B7F4861-B09B-4438-9695-8C4FE6D7E73B}.Debug|Any CPU.Build.0 = Debug|Any CPU
		{7B7F4861-B09B-4438-9695-8C4FE6D7E73B}.Release|Any CPU.ActiveCfg = Release|Any CPU
		{7B7F4861-B09B-4438-9695-8C4FE6D7E73B}.Release|Any CPU.Build.0 = Release|Any CPU
		{491533BE-8939-4514-9A80-D35729E85C5C}.Debug|Any CPU.ActiveCfg = Debug|Any CPU
		{491533BE-8939-4514-9A80-D35729E85C5C}.Debug|Any CPU.Build.0 = Debug|Any CPU
		{491533BE-8939-4514-9A80-D35729E85C5C}.Release|Any CPU.ActiveCfg = Release|Any CPU
		{491533BE-8939-4514-9A80-D35729E85C5C}.Release|Any CPU.Build.0 = Release|Any CPU
		{C3012032-0DAB-41E6-B816-C6EA400B7EAF}.Debug|Any CPU.ActiveCfg = Debug|Any CPU
		{C3012032-0DAB-41E6-B816-C6EA400B7EAF}.Debug|Any CPU.Build.0 = Debug|Any CPU
		{C3012032-0DAB-41E6-B816-C6EA400B7EAF}.Release|Any CPU.ActiveCfg = Release|Any CPU
		{C3012032-0DAB-41E6-B816-C6EA400B7EAF}.Release|Any CPU.Build.0 = Release|Any CPU
		{ACE078D2-3495-47E5-9C7C-DCC6094D1A25}.Debug|Any CPU.ActiveCfg = Debug|Any CPU
		{ACE078D2-3495-47E5-9C7C-DCC6094D1A25}.Debug|Any CPU.Build.0 = Debug|Any CPU
		{ACE078D2-3495-47E5-9C7C-DCC6094D1A25}.Release|Any CPU.ActiveCfg = Release|Any CPU
		{ACE078D2-3495-47E5-9C7C-DCC6094D1A25}.Release|Any CPU.Build.0 = Release|Any CPU
		{1B34786E-35A7-4B69-A9A3-FAC08AFC5DB2}.Debug|Any CPU.ActiveCfg = Debug|Any CPU
		{1B34786E-35A7-4B69-A9A3-FAC08AFC5DB2}.Debug|Any CPU.Build.0 = Debug|Any CPU
		{1B34786E-35A7-4B69-A9A3-FAC08AFC5DB2}.Release|Any CPU.ActiveCfg = Release|Any CPU
		{1B34786E-35A7-4B69-A9A3-FAC08AFC5DB2}.Release|Any CPU.Build.0 = Release|Any CPU
		{44290D21-DC31-4245-97F6-51542FF1EE34}.Debug|Any CPU.ActiveCfg = Debug|Any CPU
		{44290D21-DC31-4245-97F6-51542FF1EE34}.Debug|Any CPU.Build.0 = Debug|Any CPU
		{44290D21-DC31-4245-97F6-51542FF1EE34}.Release|Any CPU.ActiveCfg = Release|Any CPU
		{44290D21-DC31-4245-97F6-51542FF1EE34}.Release|Any CPU.Build.0 = Release|Any CPU
		{725896C5-AF0A-40D3-9371-0B13358C838D}.Debug|Any CPU.ActiveCfg = Debug|Any CPU
		{725896C5-AF0A-40D3-9371-0B13358C838D}.Debug|Any CPU.Build.0 = Debug|Any CPU
		{725896C5-AF0A-40D3-9371-0B13358C838D}.Release|Any CPU.ActiveCfg = Release|Any CPU
		{725896C5-AF0A-40D3-9371-0B13358C838D}.Release|Any CPU.Build.0 = Release|Any CPU
		{B4FCA10E-49B7-4AB6-8B18-AF0759C412DC}.Debug|Any CPU.ActiveCfg = Debug|Any CPU
		{B4FCA10E-49B7-4AB6-8B18-AF0759C412DC}.Debug|Any CPU.Build.0 = Debug|Any CPU
		{B4FCA10E-49B7-4AB6-8B18-AF0759C412DC}.Release|Any CPU.ActiveCfg = Release|Any CPU
		{B4FCA10E-49B7-4AB6-8B18-AF0759C412DC}.Release|Any CPU.Build.0 = Release|Any CPU
		{D96FAB07-B74C-41D6-B52E-124400ADFE53}.Debug|Any CPU.ActiveCfg = Debug|Any CPU
		{D96FAB07-B74C-41D6-B52E-124400ADFE53}.Debug|Any CPU.Build.0 = Debug|Any CPU
		{D96FAB07-B74C-41D6-B52E-124400ADFE53}.Release|Any CPU.ActiveCfg = Release|Any CPU
		{D96FAB07-B74C-41D6-B52E-124400ADFE53}.Release|Any CPU.Build.0 = Release|Any CPU
		{8A4F46F7-1FFD-4789-A425-625F16A1117B}.Debug|Any CPU.ActiveCfg = Debug|Any CPU
		{8A4F46F7-1FFD-4789-A425-625F16A1117B}.Debug|Any CPU.Build.0 = Debug|Any CPU
		{8A4F46F7-1FFD-4789-A425-625F16A1117B}.Release|Any CPU.ActiveCfg = Release|Any CPU
		{8A4F46F7-1FFD-4789-A425-625F16A1117B}.Release|Any CPU.Build.0 = Release|Any CPU
		{BFF308EE-3565-42CA-BCBB-963CB220D007}.Debug|Any CPU.ActiveCfg = Debug|Any CPU
		{BFF308EE-3565-42CA-BCBB-963CB220D007}.Debug|Any CPU.Build.0 = Debug|Any CPU
		{BFF308EE-3565-42CA-BCBB-963CB220D007}.Release|Any CPU.ActiveCfg = Release|Any CPU
		{BFF308EE-3565-42CA-BCBB-963CB220D007}.Release|Any CPU.Build.0 = Release|Any CPU
		{E7A61879-8B2B-4075-9868-3D7DBEAEB23D}.Debug|Any CPU.ActiveCfg = Debug|Any CPU
		{E7A61879-8B2B-4075-9868-3D7DBEAEB23D}.Debug|Any CPU.Build.0 = Debug|Any CPU
		{E7A61879-8B2B-4075-9868-3D7DBEAEB23D}.Release|Any CPU.ActiveCfg = Release|Any CPU
		{E7A61879-8B2B-4075-9868-3D7DBEAEB23D}.Release|Any CPU.Build.0 = Release|Any CPU
		{D09992C5-BF8B-43C4-B664-EB8AB540F0C1}.Debug|Any CPU.ActiveCfg = Debug|Any CPU
		{D09992C5-BF8B-43C4-B664-EB8AB540F0C1}.Debug|Any CPU.Build.0 = Debug|Any CPU
		{D09992C5-BF8B-43C4-B664-EB8AB540F0C1}.Release|Any CPU.ActiveCfg = Release|Any CPU
		{D09992C5-BF8B-43C4-B664-EB8AB540F0C1}.Release|Any CPU.Build.0 = Release|Any CPU
		{49A995D4-BB83-4493-BA8C-709637BFCF40}.Debug|Any CPU.ActiveCfg = Debug|Any CPU
		{49A995D4-BB83-4493-BA8C-709637BFCF40}.Debug|Any CPU.Build.0 = Debug|Any CPU
		{49A995D4-BB83-4493-BA8C-709637BFCF40}.Release|Any CPU.ActiveCfg = Release|Any CPU
		{49A995D4-BB83-4493-BA8C-709637BFCF40}.Release|Any CPU.Build.0 = Release|Any CPU
		{C9983967-5652-4BA0-BC90-4983A4127197}.Debug|Any CPU.ActiveCfg = Debug|Any CPU
		{C9983967-5652-4BA0-BC90-4983A4127197}.Debug|Any CPU.Build.0 = Debug|Any CPU
		{C9983967-5652-4BA0-BC90-4983A4127197}.Release|Any CPU.ActiveCfg = Release|Any CPU
		{C9983967-5652-4BA0-BC90-4983A4127197}.Release|Any CPU.Build.0 = Release|Any CPU
		{6CCDD9BA-2186-4DB7-B778-6BBBA164F7B3}.Debug|Any CPU.ActiveCfg = Debug|Any CPU
		{6CCDD9BA-2186-4DB7-B778-6BBBA164F7B3}.Debug|Any CPU.Build.0 = Debug|Any CPU
		{6CCDD9BA-2186-4DB7-B778-6BBBA164F7B3}.Release|Any CPU.ActiveCfg = Release|Any CPU
		{6CCDD9BA-2186-4DB7-B778-6BBBA164F7B3}.Release|Any CPU.Build.0 = Release|Any CPU
		{88C16D9A-E7F4-4643-8763-0AE245157E24}.Debug|Any CPU.ActiveCfg = Debug|Any CPU
		{88C16D9A-E7F4-4643-8763-0AE245157E24}.Debug|Any CPU.Build.0 = Debug|Any CPU
		{88C16D9A-E7F4-4643-8763-0AE245157E24}.Release|Any CPU.ActiveCfg = Release|Any CPU
		{88C16D9A-E7F4-4643-8763-0AE245157E24}.Release|Any CPU.Build.0 = Release|Any CPU
		{400C4FC5-94BF-46C0-B3EB-0EE1C347836B}.Debug|Any CPU.ActiveCfg = Debug|Any CPU
		{400C4FC5-94BF-46C0-B3EB-0EE1C347836B}.Debug|Any CPU.Build.0 = Debug|Any CPU
		{400C4FC5-94BF-46C0-B3EB-0EE1C347836B}.Release|Any CPU.ActiveCfg = Release|Any CPU
		{400C4FC5-94BF-46C0-B3EB-0EE1C347836B}.Release|Any CPU.Build.0 = Release|Any CPU
		{F5BE2D07-B3FC-4DE5-AB6F-1888913EEA6F}.Debug|Any CPU.ActiveCfg = Debug|Any CPU
		{F5BE2D07-B3FC-4DE5-AB6F-1888913EEA6F}.Debug|Any CPU.Build.0 = Debug|Any CPU
		{F5BE2D07-B3FC-4DE5-AB6F-1888913EEA6F}.Release|Any CPU.ActiveCfg = Release|Any CPU
		{F5BE2D07-B3FC-4DE5-AB6F-1888913EEA6F}.Release|Any CPU.Build.0 = Release|Any CPU
		{8892111F-20D9-4ACA-9CC9-E8FEC094625B}.Debug|Any CPU.ActiveCfg = Debug|Any CPU
		{8892111F-20D9-4ACA-9CC9-E8FEC094625B}.Debug|Any CPU.Build.0 = Debug|Any CPU
		{8892111F-20D9-4ACA-9CC9-E8FEC094625B}.Release|Any CPU.ActiveCfg = Release|Any CPU
		{8892111F-20D9-4ACA-9CC9-E8FEC094625B}.Release|Any CPU.Build.0 = Release|Any CPU
		{2F3B8874-DB6B-4EEC-A65E-8BDE7DB8DF6B}.Debug|Any CPU.ActiveCfg = Debug|Any CPU
		{2F3B8874-DB6B-4EEC-A65E-8BDE7DB8DF6B}.Debug|Any CPU.Build.0 = Debug|Any CPU
		{2F3B8874-DB6B-4EEC-A65E-8BDE7DB8DF6B}.Release|Any CPU.ActiveCfg = Release|Any CPU
		{2F3B8874-DB6B-4EEC-A65E-8BDE7DB8DF6B}.Release|Any CPU.Build.0 = Release|Any CPU
		{F3145D0A-BA15-4EBB-88A6-767053B0C6F9}.Debug|Any CPU.ActiveCfg = Debug|Any CPU
		{F3145D0A-BA15-4EBB-88A6-767053B0C6F9}.Debug|Any CPU.Build.0 = Debug|Any CPU
		{F3145D0A-BA15-4EBB-88A6-767053B0C6F9}.Release|Any CPU.ActiveCfg = Release|Any CPU
		{F3145D0A-BA15-4EBB-88A6-767053B0C6F9}.Release|Any CPU.Build.0 = Release|Any CPU
		{B0BC15E9-08C4-4BB6-ABD1-9F6439146AB7}.Debug|Any CPU.ActiveCfg = Debug|Any CPU
		{B0BC15E9-08C4-4BB6-ABD1-9F6439146AB7}.Debug|Any CPU.Build.0 = Debug|Any CPU
		{B0BC15E9-08C4-4BB6-ABD1-9F6439146AB7}.Release|Any CPU.ActiveCfg = Release|Any CPU
		{B0BC15E9-08C4-4BB6-ABD1-9F6439146AB7}.Release|Any CPU.Build.0 = Release|Any CPU
		{88FCDA4C-75FD-4213-BE82-D737A76F4D5B}.Debug|Any CPU.ActiveCfg = Debug|Any CPU
		{88FCDA4C-75FD-4213-BE82-D737A76F4D5B}.Debug|Any CPU.Build.0 = Debug|Any CPU
		{88FCDA4C-75FD-4213-BE82-D737A76F4D5B}.Release|Any CPU.ActiveCfg = Release|Any CPU
		{88FCDA4C-75FD-4213-BE82-D737A76F4D5B}.Release|Any CPU.Build.0 = Release|Any CPU
		{F73B6BE8-4536-4FA1-93D9-E058AA5541F7}.Debug|Any CPU.ActiveCfg = Debug|Any CPU
		{F73B6BE8-4536-4FA1-93D9-E058AA5541F7}.Debug|Any CPU.Build.0 = Debug|Any CPU
		{F73B6BE8-4536-4FA1-93D9-E058AA5541F7}.Release|Any CPU.ActiveCfg = Release|Any CPU
		{F73B6BE8-4536-4FA1-93D9-E058AA5541F7}.Release|Any CPU.Build.0 = Release|Any CPU
		{BD13A7C0-C370-49FC-8E4B-3093654CC604}.Debug|Any CPU.ActiveCfg = Debug|Any CPU
		{BD13A7C0-C370-49FC-8E4B-3093654CC604}.Debug|Any CPU.Build.0 = Debug|Any CPU
		{BD13A7C0-C370-49FC-8E4B-3093654CC604}.Release|Any CPU.ActiveCfg = Release|Any CPU
		{BD13A7C0-C370-49FC-8E4B-3093654CC604}.Release|Any CPU.Build.0 = Release|Any CPU
		{6AE664F5-B3EB-4983-A9F3-67A12902A3AC}.Debug|Any CPU.ActiveCfg = Debug|Any CPU
		{6AE664F5-B3EB-4983-A9F3-67A12902A3AC}.Debug|Any CPU.Build.0 = Debug|Any CPU
		{6AE664F5-B3EB-4983-A9F3-67A12902A3AC}.Release|Any CPU.ActiveCfg = Release|Any CPU
		{6AE664F5-B3EB-4983-A9F3-67A12902A3AC}.Release|Any CPU.Build.0 = Release|Any CPU
		{788276CA-F6CE-4D1A-A8DD-3CF1F5634986}.Debug|Any CPU.ActiveCfg = Debug|Any CPU
		{788276CA-F6CE-4D1A-A8DD-3CF1F5634986}.Debug|Any CPU.Build.0 = Debug|Any CPU
		{788276CA-F6CE-4D1A-A8DD-3CF1F5634986}.Release|Any CPU.ActiveCfg = Release|Any CPU
		{788276CA-F6CE-4D1A-A8DD-3CF1F5634986}.Release|Any CPU.Build.0 = Release|Any CPU
		{3712E13E-5E9E-4A91-8956-09AB6F8C7CDE}.Debug|Any CPU.ActiveCfg = Debug|Any CPU
		{3712E13E-5E9E-4A91-8956-09AB6F8C7CDE}.Debug|Any CPU.Build.0 = Debug|Any CPU
		{3712E13E-5E9E-4A91-8956-09AB6F8C7CDE}.Release|Any CPU.ActiveCfg = Release|Any CPU
		{3712E13E-5E9E-4A91-8956-09AB6F8C7CDE}.Release|Any CPU.Build.0 = Release|Any CPU
		{A33E266B-C13C-4ADB-9223-94007DB55052}.Debug|Any CPU.ActiveCfg = Debug|Any CPU
		{A33E266B-C13C-4ADB-9223-94007DB55052}.Debug|Any CPU.Build.0 = Debug|Any CPU
		{A33E266B-C13C-4ADB-9223-94007DB55052}.Release|Any CPU.ActiveCfg = Release|Any CPU
		{A33E266B-C13C-4ADB-9223-94007DB55052}.Release|Any CPU.Build.0 = Release|Any CPU
		{9BA2A7C1-ADBB-40A1-918B-414B45995834}.Debug|Any CPU.ActiveCfg = Debug|Any CPU
		{9BA2A7C1-ADBB-40A1-918B-414B45995834}.Debug|Any CPU.Build.0 = Debug|Any CPU
		{9BA2A7C1-ADBB-40A1-918B-414B45995834}.Release|Any CPU.ActiveCfg = Release|Any CPU
		{9BA2A7C1-ADBB-40A1-918B-414B45995834}.Release|Any CPU.Build.0 = Release|Any CPU
		{47D99B1B-45FC-4EB3-8527-659B0F4E60D7}.Debug|Any CPU.ActiveCfg = Debug|Any CPU
		{47D99B1B-45FC-4EB3-8527-659B0F4E60D7}.Debug|Any CPU.Build.0 = Debug|Any CPU
		{47D99B1B-45FC-4EB3-8527-659B0F4E60D7}.Release|Any CPU.ActiveCfg = Release|Any CPU
		{47D99B1B-45FC-4EB3-8527-659B0F4E60D7}.Release|Any CPU.Build.0 = Release|Any CPU
		{87F0131E-904F-4528-BB5B-84E03640F204}.Debug|Any CPU.ActiveCfg = Debug|Any CPU
		{87F0131E-904F-4528-BB5B-84E03640F204}.Debug|Any CPU.Build.0 = Debug|Any CPU
		{87F0131E-904F-4528-BB5B-84E03640F204}.Release|Any CPU.ActiveCfg = Release|Any CPU
		{87F0131E-904F-4528-BB5B-84E03640F204}.Release|Any CPU.Build.0 = Release|Any CPU
		{F9C45ECD-67A3-4E03-95BE-106ADF2DFA74}.Debug|Any CPU.ActiveCfg = Debug|Any CPU
		{F9C45ECD-67A3-4E03-95BE-106ADF2DFA74}.Debug|Any CPU.Build.0 = Debug|Any CPU
		{F9C45ECD-67A3-4E03-95BE-106ADF2DFA74}.Release|Any CPU.ActiveCfg = Release|Any CPU
		{F9C45ECD-67A3-4E03-95BE-106ADF2DFA74}.Release|Any CPU.Build.0 = Release|Any CPU
		{025E4B22-DE3E-4436-A6EC-C8E577CDA1AC}.Debug|Any CPU.ActiveCfg = Debug|Any CPU
		{025E4B22-DE3E-4436-A6EC-C8E577CDA1AC}.Debug|Any CPU.Build.0 = Debug|Any CPU
		{025E4B22-DE3E-4436-A6EC-C8E577CDA1AC}.Release|Any CPU.ActiveCfg = Release|Any CPU
		{025E4B22-DE3E-4436-A6EC-C8E577CDA1AC}.Release|Any CPU.Build.0 = Release|Any CPU
		{EC94934A-4F52-4830-83F6-652474AFABD5}.Debug|Any CPU.ActiveCfg = Debug|Any CPU
		{EC94934A-4F52-4830-83F6-652474AFABD5}.Debug|Any CPU.Build.0 = Debug|Any CPU
		{EC94934A-4F52-4830-83F6-652474AFABD5}.Release|Any CPU.ActiveCfg = Release|Any CPU
		{EC94934A-4F52-4830-83F6-652474AFABD5}.Release|Any CPU.Build.0 = Release|Any CPU
		{FA8D9C3B-B8AD-4B11-BFD1-C8B38F2D266C}.Debug|Any CPU.ActiveCfg = Debug|Any CPU
		{FA8D9C3B-B8AD-4B11-BFD1-C8B38F2D266C}.Debug|Any CPU.Build.0 = Debug|Any CPU
		{FA8D9C3B-B8AD-4B11-BFD1-C8B38F2D266C}.Release|Any CPU.ActiveCfg = Release|Any CPU
		{FA8D9C3B-B8AD-4B11-BFD1-C8B38F2D266C}.Release|Any CPU.Build.0 = Release|Any CPU
		{3909A30B-4FB9-429F-9A9C-48E535250429}.Debug|Any CPU.ActiveCfg = Debug|Any CPU
		{3909A30B-4FB9-429F-9A9C-48E535250429}.Debug|Any CPU.Build.0 = Debug|Any CPU
		{3909A30B-4FB9-429F-9A9C-48E535250429}.Release|Any CPU.ActiveCfg = Release|Any CPU
		{3909A30B-4FB9-429F-9A9C-48E535250429}.Release|Any CPU.Build.0 = Release|Any CPU
		{6758BD9A-D3A9-45B5-8C64-FA424B096985}.Debug|Any CPU.ActiveCfg = Debug|Any CPU
		{6758BD9A-D3A9-45B5-8C64-FA424B096985}.Debug|Any CPU.Build.0 = Debug|Any CPU
		{6758BD9A-D3A9-45B5-8C64-FA424B096985}.Release|Any CPU.ActiveCfg = Release|Any CPU
		{6758BD9A-D3A9-45B5-8C64-FA424B096985}.Release|Any CPU.Build.0 = Release|Any CPU
		{9E770501-BF36-47FA-8DEA-89D6EDB75994}.Debug|Any CPU.ActiveCfg = Debug|Any CPU
		{9E770501-BF36-47FA-8DEA-89D6EDB75994}.Debug|Any CPU.Build.0 = Debug|Any CPU
		{9E770501-BF36-47FA-8DEA-89D6EDB75994}.Release|Any CPU.ActiveCfg = Release|Any CPU
		{9E770501-BF36-47FA-8DEA-89D6EDB75994}.Release|Any CPU.Build.0 = Release|Any CPU
		{850997B6-3332-4F2D-89AB-661B510D14F0}.Debug|Any CPU.ActiveCfg = Debug|Any CPU
		{850997B6-3332-4F2D-89AB-661B510D14F0}.Debug|Any CPU.Build.0 = Debug|Any CPU
		{850997B6-3332-4F2D-89AB-661B510D14F0}.Release|Any CPU.ActiveCfg = Release|Any CPU
		{850997B6-3332-4F2D-89AB-661B510D14F0}.Release|Any CPU.Build.0 = Release|Any CPU
		{D633B8D8-DF57-48EC-AF3E-05524AC9DAF5}.Debug|Any CPU.ActiveCfg = Debug|Any CPU
		{D633B8D8-DF57-48EC-AF3E-05524AC9DAF5}.Debug|Any CPU.Build.0 = Debug|Any CPU
		{D633B8D8-DF57-48EC-AF3E-05524AC9DAF5}.Release|Any CPU.ActiveCfg = Release|Any CPU
		{D633B8D8-DF57-48EC-AF3E-05524AC9DAF5}.Release|Any CPU.Build.0 = Release|Any CPU
		{E266C527-C5AD-4A91-AED2-F4398342CBB0}.Debug|Any CPU.ActiveCfg = Debug|Any CPU
		{E266C527-C5AD-4A91-AED2-F4398342CBB0}.Debug|Any CPU.Build.0 = Debug|Any CPU
		{E266C527-C5AD-4A91-AED2-F4398342CBB0}.Release|Any CPU.ActiveCfg = Release|Any CPU
		{E266C527-C5AD-4A91-AED2-F4398342CBB0}.Release|Any CPU.Build.0 = Release|Any CPU
		{64BB5AF1-8817-483E-A794-46AC843D6E3B}.Debug|Any CPU.ActiveCfg = Debug|Any CPU
		{64BB5AF1-8817-483E-A794-46AC843D6E3B}.Debug|Any CPU.Build.0 = Debug|Any CPU
		{64BB5AF1-8817-483E-A794-46AC843D6E3B}.Release|Any CPU.ActiveCfg = Release|Any CPU
		{64BB5AF1-8817-483E-A794-46AC843D6E3B}.Release|Any CPU.Build.0 = Release|Any CPU
		{96E7F1AA-F6B9-43D6-802C-E106C95B5483}.Debug|Any CPU.ActiveCfg = Debug|Any CPU
		{96E7F1AA-F6B9-43D6-802C-E106C95B5483}.Debug|Any CPU.Build.0 = Debug|Any CPU
		{96E7F1AA-F6B9-43D6-802C-E106C95B5483}.Release|Any CPU.ActiveCfg = Release|Any CPU
		{96E7F1AA-F6B9-43D6-802C-E106C95B5483}.Release|Any CPU.Build.0 = Release|Any CPU
		{614963A2-8137-42F4-8149-05AA55952323}.Debug|Any CPU.ActiveCfg = Debug|Any CPU
		{614963A2-8137-42F4-8149-05AA55952323}.Debug|Any CPU.Build.0 = Debug|Any CPU
		{614963A2-8137-42F4-8149-05AA55952323}.Release|Any CPU.ActiveCfg = Release|Any CPU
		{614963A2-8137-42F4-8149-05AA55952323}.Release|Any CPU.Build.0 = Release|Any CPU
		{F25F088D-A56E-4325-9BF1-5CD3A68AEDB8}.Debug|Any CPU.ActiveCfg = Debug|Any CPU
		{F25F088D-A56E-4325-9BF1-5CD3A68AEDB8}.Debug|Any CPU.Build.0 = Debug|Any CPU
		{F25F088D-A56E-4325-9BF1-5CD3A68AEDB8}.Release|Any CPU.ActiveCfg = Release|Any CPU
		{F25F088D-A56E-4325-9BF1-5CD3A68AEDB8}.Release|Any CPU.Build.0 = Release|Any CPU
		{73192B2E-8763-4404-855A-E0783FB70432}.Debug|Any CPU.ActiveCfg = Debug|Any CPU
		{73192B2E-8763-4404-855A-E0783FB70432}.Debug|Any CPU.Build.0 = Debug|Any CPU
		{73192B2E-8763-4404-855A-E0783FB70432}.Release|Any CPU.ActiveCfg = Release|Any CPU
		{73192B2E-8763-4404-855A-E0783FB70432}.Release|Any CPU.Build.0 = Release|Any CPU
		{68756E7D-05E3-49AD-8A7F-256E90CCA9C5}.Debug|Any CPU.ActiveCfg = Debug|Any CPU
		{68756E7D-05E3-49AD-8A7F-256E90CCA9C5}.Debug|Any CPU.Build.0 = Debug|Any CPU
		{68756E7D-05E3-49AD-8A7F-256E90CCA9C5}.Release|Any CPU.ActiveCfg = Release|Any CPU
		{68756E7D-05E3-49AD-8A7F-256E90CCA9C5}.Release|Any CPU.Build.0 = Release|Any CPU
		{B197EA6D-FB39-491E-BE28-8E1D34E73162}.Debug|Any CPU.ActiveCfg = Debug|Any CPU
		{B197EA6D-FB39-491E-BE28-8E1D34E73162}.Debug|Any CPU.Build.0 = Debug|Any CPU
		{B197EA6D-FB39-491E-BE28-8E1D34E73162}.Release|Any CPU.ActiveCfg = Release|Any CPU
		{B197EA6D-FB39-491E-BE28-8E1D34E73162}.Release|Any CPU.Build.0 = Release|Any CPU
		{01930837-6946-4B30-931E-C0ACF52C78A9}.Debug|Any CPU.ActiveCfg = Debug|Any CPU
		{01930837-6946-4B30-931E-C0ACF52C78A9}.Debug|Any CPU.Build.0 = Debug|Any CPU
		{01930837-6946-4B30-931E-C0ACF52C78A9}.Release|Any CPU.ActiveCfg = Release|Any CPU
		{01930837-6946-4B30-931E-C0ACF52C78A9}.Release|Any CPU.Build.0 = Release|Any CPU
		{E02AFECF-92D7-40A9-98F9-F5370C5EC875}.Debug|Any CPU.ActiveCfg = Debug|Any CPU
		{E02AFECF-92D7-40A9-98F9-F5370C5EC875}.Debug|Any CPU.Build.0 = Debug|Any CPU
		{E02AFECF-92D7-40A9-98F9-F5370C5EC875}.Release|Any CPU.ActiveCfg = Release|Any CPU
		{E02AFECF-92D7-40A9-98F9-F5370C5EC875}.Release|Any CPU.Build.0 = Release|Any CPU
		{ED90CBD8-BF41-41AD-AF9B-5F7B27B0D83E}.Debug|Any CPU.ActiveCfg = Debug|Any CPU
		{ED90CBD8-BF41-41AD-AF9B-5F7B27B0D83E}.Debug|Any CPU.Build.0 = Debug|Any CPU
		{ED90CBD8-BF41-41AD-AF9B-5F7B27B0D83E}.Release|Any CPU.ActiveCfg = Release|Any CPU
		{ED90CBD8-BF41-41AD-AF9B-5F7B27B0D83E}.Release|Any CPU.Build.0 = Release|Any CPU
		{D36248DD-5B19-4CCA-B33D-A82840DC93BA}.Debug|Any CPU.ActiveCfg = Debug|Any CPU
		{D36248DD-5B19-4CCA-B33D-A82840DC93BA}.Debug|Any CPU.Build.0 = Debug|Any CPU
		{D36248DD-5B19-4CCA-B33D-A82840DC93BA}.Release|Any CPU.ActiveCfg = Release|Any CPU
		{D36248DD-5B19-4CCA-B33D-A82840DC93BA}.Release|Any CPU.Build.0 = Release|Any CPU
		{6CEF7939-C547-4292-A65A-DB809620B392}.Debug|Any CPU.ActiveCfg = Debug|Any CPU
		{6CEF7939-C547-4292-A65A-DB809620B392}.Debug|Any CPU.Build.0 = Debug|Any CPU
		{6CEF7939-C547-4292-A65A-DB809620B392}.Release|Any CPU.ActiveCfg = Release|Any CPU
		{6CEF7939-C547-4292-A65A-DB809620B392}.Release|Any CPU.Build.0 = Release|Any CPU
		{254585F8-BA38-484B-B6D6-962A79ACB873}.Debug|Any CPU.ActiveCfg = Debug|Any CPU
		{254585F8-BA38-484B-B6D6-962A79ACB873}.Debug|Any CPU.Build.0 = Debug|Any CPU
		{254585F8-BA38-484B-B6D6-962A79ACB873}.Release|Any CPU.ActiveCfg = Release|Any CPU
		{254585F8-BA38-484B-B6D6-962A79ACB873}.Release|Any CPU.Build.0 = Release|Any CPU
		{C7718BB1-B8D8-4825-9D84-904DFC1DB8B2}.Debug|Any CPU.ActiveCfg = Debug|Any CPU
		{C7718BB1-B8D8-4825-9D84-904DFC1DB8B2}.Debug|Any CPU.Build.0 = Debug|Any CPU
		{C7718BB1-B8D8-4825-9D84-904DFC1DB8B2}.Release|Any CPU.ActiveCfg = Release|Any CPU
		{C7718BB1-B8D8-4825-9D84-904DFC1DB8B2}.Release|Any CPU.Build.0 = Release|Any CPU
		{CA48C7E5-2DB0-4B4A-8034-B17BEE784A2C}.Debug|Any CPU.ActiveCfg = Debug|Any CPU
		{CA48C7E5-2DB0-4B4A-8034-B17BEE784A2C}.Debug|Any CPU.Build.0 = Debug|Any CPU
		{CA48C7E5-2DB0-4B4A-8034-B17BEE784A2C}.Release|Any CPU.ActiveCfg = Release|Any CPU
		{CA48C7E5-2DB0-4B4A-8034-B17BEE784A2C}.Release|Any CPU.Build.0 = Release|Any CPU
		{C627F338-76B9-4818-B274-D4FD6CE9BBD8}.Debug|Any CPU.ActiveCfg = Debug|Any CPU
		{C627F338-76B9-4818-B274-D4FD6CE9BBD8}.Debug|Any CPU.Build.0 = Debug|Any CPU
		{C627F338-76B9-4818-B274-D4FD6CE9BBD8}.Release|Any CPU.ActiveCfg = Release|Any CPU
		{C627F338-76B9-4818-B274-D4FD6CE9BBD8}.Release|Any CPU.Build.0 = Release|Any CPU
		{91785B0F-0D12-474D-966C-D711DBBF6891}.Debug|Any CPU.ActiveCfg = Debug|Any CPU
		{91785B0F-0D12-474D-966C-D711DBBF6891}.Debug|Any CPU.Build.0 = Debug|Any CPU
		{91785B0F-0D12-474D-966C-D711DBBF6891}.Release|Any CPU.ActiveCfg = Release|Any CPU
		{91785B0F-0D12-474D-966C-D711DBBF6891}.Release|Any CPU.Build.0 = Release|Any CPU
		{ADC574EB-003A-4E24-9A0D-BCFA2293A45E}.Debug|Any CPU.ActiveCfg = Debug|Any CPU
		{ADC574EB-003A-4E24-9A0D-BCFA2293A45E}.Debug|Any CPU.Build.0 = Debug|Any CPU
		{ADC574EB-003A-4E24-9A0D-BCFA2293A45E}.Release|Any CPU.ActiveCfg = Release|Any CPU
		{ADC574EB-003A-4E24-9A0D-BCFA2293A45E}.Release|Any CPU.Build.0 = Release|Any CPU
		{9166E9AF-5ABF-4240-B69A-98006F25B563}.Debug|Any CPU.ActiveCfg = Debug|Any CPU
		{9166E9AF-5ABF-4240-B69A-98006F25B563}.Debug|Any CPU.Build.0 = Debug|Any CPU
		{9166E9AF-5ABF-4240-B69A-98006F25B563}.Release|Any CPU.ActiveCfg = Release|Any CPU
		{9166E9AF-5ABF-4240-B69A-98006F25B563}.Release|Any CPU.Build.0 = Release|Any CPU
		{AB13313C-D277-4246-9179-BFDE2B065EE0}.Debug|Any CPU.ActiveCfg = Debug|Any CPU
		{AB13313C-D277-4246-9179-BFDE2B065EE0}.Debug|Any CPU.Build.0 = Debug|Any CPU
		{AB13313C-D277-4246-9179-BFDE2B065EE0}.Release|Any CPU.ActiveCfg = Release|Any CPU
		{AB13313C-D277-4246-9179-BFDE2B065EE0}.Release|Any CPU.Build.0 = Release|Any CPU
		{3A45E6BA-9B49-4ED8-9F0D-F1E7BC016FE8}.Debug|Any CPU.ActiveCfg = Debug|Any CPU
		{3A45E6BA-9B49-4ED8-9F0D-F1E7BC016FE8}.Debug|Any CPU.Build.0 = Debug|Any CPU
		{3A45E6BA-9B49-4ED8-9F0D-F1E7BC016FE8}.Release|Any CPU.ActiveCfg = Release|Any CPU
		{3A45E6BA-9B49-4ED8-9F0D-F1E7BC016FE8}.Release|Any CPU.Build.0 = Release|Any CPU
		{FEEA8C24-499F-48FA-A347-CDA57A1A3A3C}.Debug|Any CPU.ActiveCfg = Debug|Any CPU
		{FEEA8C24-499F-48FA-A347-CDA57A1A3A3C}.Debug|Any CPU.Build.0 = Debug|Any CPU
		{FEEA8C24-499F-48FA-A347-CDA57A1A3A3C}.Release|Any CPU.ActiveCfg = Release|Any CPU
		{FEEA8C24-499F-48FA-A347-CDA57A1A3A3C}.Release|Any CPU.Build.0 = Release|Any CPU
		{373638BA-B744-44B5-8E35-6BC39DBC203F}.Debug|Any CPU.ActiveCfg = Debug|Any CPU
		{373638BA-B744-44B5-8E35-6BC39DBC203F}.Debug|Any CPU.Build.0 = Debug|Any CPU
		{373638BA-B744-44B5-8E35-6BC39DBC203F}.Release|Any CPU.ActiveCfg = Release|Any CPU
		{373638BA-B744-44B5-8E35-6BC39DBC203F}.Release|Any CPU.Build.0 = Release|Any CPU
	EndGlobalSection
	GlobalSection(SolutionProperties) = preSolution
		HideSolutionNode = FALSE
	EndGlobalSection
	GlobalSection(NestedProjects) = preSolution
		{1608BBDB-880F-4754-889E-703C1D74685C} = {CD48A823-CFE7-43F0-A8BE-0DF8A930E276}
		{0A91FF7D-4DD8-4C36-B558-2040DCDD19A6} = {CD48A823-CFE7-43F0-A8BE-0DF8A930E276}
		{EABAAFD5-1FCA-4FBA-A8CA-5206E93D811E} = {CD48A823-CFE7-43F0-A8BE-0DF8A930E276}
		{FF6029E3-2D79-4DFB-B3E4-6DE8275A5FA4} = {CD48A823-CFE7-43F0-A8BE-0DF8A930E276}
		{7B7F4861-B09B-4438-9695-8C4FE6D7E73B} = {EC1FA753-D6BC-443B-B4D3-01F2DE18F645}
		{491533BE-8939-4514-9A80-D35729E85C5C} = {EC1FA753-D6BC-443B-B4D3-01F2DE18F645}
		{C3012032-0DAB-41E6-B816-C6EA400B7EAF} = {EC1FA753-D6BC-443B-B4D3-01F2DE18F645}
		{ACE078D2-3495-47E5-9C7C-DCC6094D1A25} = {EC1FA753-D6BC-443B-B4D3-01F2DE18F645}
		{1B34786E-35A7-4B69-A9A3-FAC08AFC5DB2} = {EC1FA753-D6BC-443B-B4D3-01F2DE18F645}
		{44290D21-DC31-4245-97F6-51542FF1EE34} = {EC1FA753-D6BC-443B-B4D3-01F2DE18F645}
		{725896C5-AF0A-40D3-9371-0B13358C838D} = {EC1FA753-D6BC-443B-B4D3-01F2DE18F645}
		{B4FCA10E-49B7-4AB6-8B18-AF0759C412DC} = {EC1FA753-D6BC-443B-B4D3-01F2DE18F645}
		{D96FAB07-B74C-41D6-B52E-124400ADFE53} = {EC1FA753-D6BC-443B-B4D3-01F2DE18F645}
		{8A4F46F7-1FFD-4789-A425-625F16A1117B} = {EC1FA753-D6BC-443B-B4D3-01F2DE18F645}
		{BFF308EE-3565-42CA-BCBB-963CB220D007} = {EC1FA753-D6BC-443B-B4D3-01F2DE18F645}
		{E7A61879-8B2B-4075-9868-3D7DBEAEB23D} = {EC1FA753-D6BC-443B-B4D3-01F2DE18F645}
		{D09992C5-BF8B-43C4-B664-EB8AB540F0C1} = {EC1FA753-D6BC-443B-B4D3-01F2DE18F645}
		{49A995D4-BB83-4493-BA8C-709637BFCF40} = {EC1FA753-D6BC-443B-B4D3-01F2DE18F645}
		{C9983967-5652-4BA0-BC90-4983A4127197} = {ADBEFC5E-09D4-4849-B55D-C8E1F5729DB8}
		{6CCDD9BA-2186-4DB7-B778-6BBBA164F7B3} = {ADBEFC5E-09D4-4849-B55D-C8E1F5729DB8}
		{88C16D9A-E7F4-4643-8763-0AE245157E24} = {ADBEFC5E-09D4-4849-B55D-C8E1F5729DB8}
		{400C4FC5-94BF-46C0-B3EB-0EE1C347836B} = {ADBEFC5E-09D4-4849-B55D-C8E1F5729DB8}
		{F5BE2D07-B3FC-4DE5-AB6F-1888913EEA6F} = {ADBEFC5E-09D4-4849-B55D-C8E1F5729DB8}
		{8892111F-20D9-4ACA-9CC9-E8FEC094625B} = {ADBEFC5E-09D4-4849-B55D-C8E1F5729DB8}
		{2F3B8874-DB6B-4EEC-A65E-8BDE7DB8DF6B} = {ADBEFC5E-09D4-4849-B55D-C8E1F5729DB8}
		{F3145D0A-BA15-4EBB-88A6-767053B0C6F9} = {ADBEFC5E-09D4-4849-B55D-C8E1F5729DB8}
		{B0BC15E9-08C4-4BB6-ABD1-9F6439146AB7} = {E6DE617B-EE6B-4774-8E8F-88BB87ECA7F9}
		{88FCDA4C-75FD-4213-BE82-D737A76F4D5B} = {E6DE617B-EE6B-4774-8E8F-88BB87ECA7F9}
		{F73B6BE8-4536-4FA1-93D9-E058AA5541F7} = {A7EDDFFF-B3BA-4B18-823D-AD24A5C34A6A}
		{BD13A7C0-C370-49FC-8E4B-3093654CC604} = {A7EDDFFF-B3BA-4B18-823D-AD24A5C34A6A}
		{6AE664F5-B3EB-4983-A9F3-67A12902A3AC} = {A7EDDFFF-B3BA-4B18-823D-AD24A5C34A6A}
		{788276CA-F6CE-4D1A-A8DD-3CF1F5634986} = {A7EDDFFF-B3BA-4B18-823D-AD24A5C34A6A}
		{3712E13E-5E9E-4A91-8956-09AB6F8C7CDE} = {A7EDDFFF-B3BA-4B18-823D-AD24A5C34A6A}
		{A33E266B-C13C-4ADB-9223-94007DB55052} = {A7EDDFFF-B3BA-4B18-823D-AD24A5C34A6A}
		{9BA2A7C1-ADBB-40A1-918B-414B45995834} = {A7EDDFFF-B3BA-4B18-823D-AD24A5C34A6A}
		{47D99B1B-45FC-4EB3-8527-659B0F4E60D7} = {A7EDDFFF-B3BA-4B18-823D-AD24A5C34A6A}
		{87F0131E-904F-4528-BB5B-84E03640F204} = {A7EDDFFF-B3BA-4B18-823D-AD24A5C34A6A}
		{ADBEFC5E-09D4-4849-B55D-C8E1F5729DB8} = {BC9CC023-FEA0-4730-B184-9E986E970A23}
		{EC1FA753-D6BC-443B-B4D3-01F2DE18F645} = {BC9CC023-FEA0-4730-B184-9E986E970A23}
		{CD48A823-CFE7-43F0-A8BE-0DF8A930E276} = {BC9CC023-FEA0-4730-B184-9E986E970A23}
		{E6DE617B-EE6B-4774-8E8F-88BB87ECA7F9} = {BC9CC023-FEA0-4730-B184-9E986E970A23}
		{A7EDDFFF-B3BA-4B18-823D-AD24A5C34A6A} = {BC9CC023-FEA0-4730-B184-9E986E970A23}
		{F9C45ECD-67A3-4E03-95BE-106ADF2DFA74} = {A7EDDFFF-B3BA-4B18-823D-AD24A5C34A6A}
		{025E4B22-DE3E-4436-A6EC-C8E577CDA1AC} = {A7EDDFFF-B3BA-4B18-823D-AD24A5C34A6A}
		{EC94934A-4F52-4830-83F6-652474AFABD5} = {A7EDDFFF-B3BA-4B18-823D-AD24A5C34A6A}
		{FA8D9C3B-B8AD-4B11-BFD1-C8B38F2D266C} = {A7EDDFFF-B3BA-4B18-823D-AD24A5C34A6A}
		{7B76B8AA-4B4D-4EA6-9AE1-CD663F3E111A} = {BC9CC023-FEA0-4730-B184-9E986E970A23}
		{3909A30B-4FB9-429F-9A9C-48E535250429} = {7B76B8AA-4B4D-4EA6-9AE1-CD663F3E111A}
		{6758BD9A-D3A9-45B5-8C64-FA424B096985} = {7B76B8AA-4B4D-4EA6-9AE1-CD663F3E111A}
		{73D679D3-2D64-4B44-A1A6-1A4D60F9AD31} = {BC9CC023-FEA0-4730-B184-9E986E970A23}
		{9E770501-BF36-47FA-8DEA-89D6EDB75994} = {73D679D3-2D64-4B44-A1A6-1A4D60F9AD31}
		{0A223FD6-8960-46EB-84FC-E35C72F1F343} = {BC9CC023-FEA0-4730-B184-9E986E970A23}
		{850997B6-3332-4F2D-89AB-661B510D14F0} = {0A223FD6-8960-46EB-84FC-E35C72F1F343}
		{D633B8D8-DF57-48EC-AF3E-05524AC9DAF5} = {0A223FD6-8960-46EB-84FC-E35C72F1F343}
		{E266C527-C5AD-4A91-AED2-F4398342CBB0} = {0A223FD6-8960-46EB-84FC-E35C72F1F343}
		{64BB5AF1-8817-483E-A794-46AC843D6E3B} = {0A223FD6-8960-46EB-84FC-E35C72F1F343}
		{96E7F1AA-F6B9-43D6-802C-E106C95B5483} = {0A223FD6-8960-46EB-84FC-E35C72F1F343}
		{614963A2-8137-42F4-8149-05AA55952323} = {0A223FD6-8960-46EB-84FC-E35C72F1F343}
		{F25F088D-A56E-4325-9BF1-5CD3A68AEDB8} = {0A223FD6-8960-46EB-84FC-E35C72F1F343}
		{73192B2E-8763-4404-855A-E0783FB70432} = {73D679D3-2D64-4B44-A1A6-1A4D60F9AD31}
		{68756E7D-05E3-49AD-8A7F-256E90CCA9C5} = {73D679D3-2D64-4B44-A1A6-1A4D60F9AD31}
		{B197EA6D-FB39-491E-BE28-8E1D34E73162} = {73D679D3-2D64-4B44-A1A6-1A4D60F9AD31}
		{01930837-6946-4B30-931E-C0ACF52C78A9} = {73D679D3-2D64-4B44-A1A6-1A4D60F9AD31}
		{E02AFECF-92D7-40A9-98F9-F5370C5EC875} = {73D679D3-2D64-4B44-A1A6-1A4D60F9AD31}
		{ED90CBD8-BF41-41AD-AF9B-5F7B27B0D83E} = {73D679D3-2D64-4B44-A1A6-1A4D60F9AD31}
		{D36248DD-5B19-4CCA-B33D-A82840DC93BA} = {73D679D3-2D64-4B44-A1A6-1A4D60F9AD31}
		{6CEF7939-C547-4292-A65A-DB809620B392} = {73D679D3-2D64-4B44-A1A6-1A4D60F9AD31}
		{254585F8-BA38-484B-B6D6-962A79ACB873} = {73D679D3-2D64-4B44-A1A6-1A4D60F9AD31}
		{C7718BB1-B8D8-4825-9D84-904DFC1DB8B2} = {73D679D3-2D64-4B44-A1A6-1A4D60F9AD31}
		{CA48C7E5-2DB0-4B4A-8034-B17BEE784A2C} = {73D679D3-2D64-4B44-A1A6-1A4D60F9AD31}
		{C627F338-76B9-4818-B274-D4FD6CE9BBD8} = {0A223FD6-8960-46EB-84FC-E35C72F1F343}
		{97815979-10FA-47F1-BFA2-FFAEEA257485} = {BC9CC023-FEA0-4730-B184-9E986E970A23}
		{91785B0F-0D12-474D-966C-D711DBBF6891} = {73D679D3-2D64-4B44-A1A6-1A4D60F9AD31}
		{ADC574EB-003A-4E24-9A0D-BCFA2293A45E} = {97815979-10FA-47F1-BFA2-FFAEEA257485}
		{9166E9AF-5ABF-4240-B69A-98006F25B563} = {70B78A64-E64B-4A8F-9516-949A32789D75}
		{AB13313C-D277-4246-9179-BFDE2B065EE0} = {70B78A64-E64B-4A8F-9516-949A32789D75}
		{3A45E6BA-9B49-4ED8-9F0D-F1E7BC016FE8} = {70B78A64-E64B-4A8F-9516-949A32789D75}
		{FEEA8C24-499F-48FA-A347-CDA57A1A3A3C} = {70B78A64-E64B-4A8F-9516-949A32789D75}
		{373638BA-B744-44B5-8E35-6BC39DBC203F} = {70B78A64-E64B-4A8F-9516-949A32789D75}
	EndGlobalSection
	GlobalSection(ExtensibilityGlobals) = postSolution
		SolutionGuid = {0F19584B-438E-4BC8-AD44-56231B66003B}
	EndGlobalSection
EndGlobal
